
Microsoft Visual Studio Solution File, Format Version 12.00
# Visual Studio Version 16
VisualStudioVersion = 16.0.31911.196
MinimumVisualStudioVersion = 10.0.40219.1
Project("{FAE04EC0-301F-11D3-BF4B-00C04F79EFBC}") = "DesafioConstrudelas-EcommerceJuntosSomosMais.API", "DesafioConstrudelas-EcommerceJuntosSomosMais\DesafioConstrudelas-EcommerceJuntosSomosMais.API.csproj", "{C40A4ACB-905B-48A9-AEEC-6C3199D175BC}"
EndProject
Project("{FAE04EC0-301F-11D3-BF4B-00C04F79EFBC}") = "Ecommerce.Application", "Ecommerce.Application\Ecommerce.Application.csproj", "{9E12D240-7B6B-4224-8C9C-B95320A39DCF}"
EndProject
Project("{FAE04EC0-301F-11D3-BF4B-00C04F79EFBC}") = "Ecommerce.Core", "Ecommerce.Core\Ecommerce.Core.csproj", "{1F22E22E-61C9-4D65-83C1-928696AC479E}"
EndProject
Project("{FAE04EC0-301F-11D3-BF4B-00C04F79EFBC}") = "Ecommerce.Infra", "Ecommerce.Infra\Ecommerce.Infra.csproj", "{BA61512C-BC33-4D22-AAD4-626775A8D470}"
EndProject
Global
	GlobalSection(SolutionConfigurationPlatforms) = preSolution
		Debug|Any CPU = Debug|Any CPU
		Release|Any CPU = Release|Any CPU
	EndGlobalSection
	GlobalSection(ProjectConfigurationPlatforms) = postSolution
		{C40A4ACB-905B-48A9-AEEC-6C3199D175BC}.Debug|Any CPU.ActiveCfg = Debug|Any CPU
		{C40A4ACB-905B-48A9-AEEC-6C3199D175BC}.Debug|Any CPU.Build.0 = Debug|Any CPU
		{C40A4ACB-905B-48A9-AEEC-6C3199D175BC}.Release|Any CPU.ActiveCfg = Release|Any CPU
		{C40A4ACB-905B-48A9-AEEC-6C3199D175BC}.Release|Any CPU.Build.0 = Release|Any CPU
		{9E12D240-7B6B-4224-8C9C-B95320A39DCF}.Debug|Any CPU.ActiveCfg = Debug|Any CPU
		{9E12D240-7B6B-4224-8C9C-B95320A39DCF}.Debug|Any CPU.Build.0 = Debug|Any CPU
		{9E12D240-7B6B-4224-8C9C-B95320A39DCF}.Release|Any CPU.ActiveCfg = Release|Any CPU
		{9E12D240-7B6B-4224-8C9C-B95320A39DCF}.Release|Any CPU.Build.0 = Release|Any CPU
		{1F22E22E-61C9-4D65-83C1-928696AC479E}.Debug|Any CPU.ActiveCfg = Debug|Any CPU
		{1F22E22E-61C9-4D65-83C1-928696AC479E}.Debug|Any CPU.Build.0 = Debug|Any CPU
		{1F22E22E-61C9-4D65-83C1-928696AC479E}.Release|Any CPU.ActiveCfg = Release|Any CPU
		{1F22E22E-61C9-4D65-83C1-928696AC479E}.Release|Any CPU.Build.0 = Release|Any CPU
		{BA61512C-BC33-4D22-AAD4-626775A8D470}.Debug|Any CPU.ActiveCfg = Debug|Any CPU
		{BA61512C-BC33-4D22-AAD4-626775A8D470}.Debug|Any CPU.Build.0 = Debug|Any CPU
		{BA61512C-BC33-4D22-AAD4-626775A8D470}.Release|Any CPU.ActiveCfg = Release|Any CPU
		{BA61512C-BC33-4D22-AAD4-626775A8D470}.Release|Any CPU.Build.0 = Release|Any CPU
	EndGlobalSection
	GlobalSection(SolutionProperties) = preSolution
		HideSolutionNode = FALSE
	EndGlobalSection
	GlobalSection(ExtensibilityGlobals) = postSolution
		SolutionGuid = {16005C31-986E-40A1-8268-46BFB21FD69B}
	EndGlobalSection
EndGlobal
